automation:
  alias: 'Lock Notifications'
  trigger:
    - platform: state
      entity_id: lock.front_door_lock_locked
      from: 'locked'
      to: 'unlocked'
    - platform: state
      entity_id: lock.front_door_lock_locked
      from: 'unlocked'
      to: 'locked'
  action:
    service: notify.ios
    data_template:
      title: Door Lock Notification
      message: |
        State: {{ states.lock.front_door_lock_locked.state }}
        Status: {{ states.lock.front_door_lock_locked.attributes.lock_status }}
        Notification: {{ states.lock.front_door_lock_locked.attributes.notification }}